
Microsoft Visual Studio Solution File, Format Version 12.00
# Visual Studio 15
VisualStudioVersion = 15.0.26124.0
MinimumVisualStudioVersion = 15.0.26124.0
Project("{FAE04EC0-301F-11D3-BF4B-00C04F79EFBC}") = "SqlKit", "SqlKit\SqlKit.csproj", "{A2527876-8266-428E-A02B-CB3399113B76}"
EndProject
Project("{FAE04EC0-301F-11D3-BF4B-00C04F79EFBC}") = "SqlKit.Test", "SqlKit.Test\SqlKit.Test.csproj", "{AAF1A1B7-CF33-4098-BFFD-7306D77F2EAA}"
EndProject
Global
	GlobalSection(SolutionConfigurationPlatforms) = preSolution
		Debug|Any CPU = Debug|Any CPU
		Debug|x64 = Debug|x64
		Debug|x86 = Debug|x86
		Release|Any CPU = Release|Any CPU
		Release|x64 = Release|x64
		Release|x86 = Release|x86
	EndGlobalSection
	GlobalSection(SolutionProperties) = preSolution
		HideSolutionNode = FALSE
	EndGlobalSection
	GlobalSection(ProjectConfigurationPlatforms) = postSolution
		{A2527876-8266-428E-A02B-CB3399113B76}.Debug|Any CPU.ActiveCfg = Debug|Any CPU
		{A2527876-8266-428E-A02B-CB3399113B76}.Debug|Any CPU.Build.0 = Debug|Any CPU
		{A2527876-8266-428E-A02B-CB3399113B76}.Debug|x64.ActiveCfg = Debug|Any CPU
		{A2527876-8266-428E-A02B-CB3399113B76}.Debug|x64.Build.0 = Debug|Any CPU
		{A2527876-8266-428E-A02B-CB3399113B76}.Debug|x86.ActiveCfg = Debug|Any CPU
		{A2527876-8266-428E-A02B-CB3399113B76}.Debug|x86.Build.0 = Debug|Any CPU
		{A2527876-8266-428E-A02B-CB3399113B76}.Release|Any CPU.ActiveCfg = Release|Any CPU
		{A2527876-8266-428E-A02B-CB3399113B76}.Release|Any CPU.Build.0 = Release|Any CPU
		{A2527876-8266-428E-A02B-CB3399113B76}.Release|x64.ActiveCfg = Release|Any CPU
		{A2527876-8266-428E-A02B-CB3399113B76}.Release|x64.Build.0 = Release|Any CPU
		{A2527876-8266-428E-A02B-CB3399113B76}.Release|x86.ActiveCfg = Release|Any CPU
		{A2527876-8266-428E-A02B-CB3399113B76}.Release|x86.Build.0 = Release|Any CPU
		{AAF1A1B7-CF33-4098-BFFD-7306D77F2EAA}.Debug|Any CPU.ActiveCfg = Debug|Any CPU
		{AAF1A1B7-CF33-4098-BFFD-7306D77F2EAA}.Debug|Any CPU.Build.0 = Debug|Any CPU
		{AAF1A1B7-CF33-4098-BFFD-7306D77F2EAA}.Debug|x64.ActiveCfg = Debug|Any CPU
		{AAF1A1B7-CF33-4098-BFFD-7306D77F2EAA}.Debug|x64.Build.0 = Debug|Any CPU
		{AAF1A1B7-CF33-4098-BFFD-7306D77F2EAA}.Debug|x86.ActiveCfg = Debug|Any CPU
		{AAF1A1B7-CF33-4098-BFFD-7306D77F2EAA}.Debug|x86.Build.0 = Debug|Any CPU
		{AAF1A1B7-CF33-4098-BFFD-7306D77F2EAA}.Release|Any CPU.ActiveCfg = Release|Any CPU
		{AAF1A1B7-CF33-4098-BFFD-7306D77F2EAA}.Release|Any CPU.Build.0 = Release|Any CPU
		{AAF1A1B7-CF33-4098-BFFD-7306D77F2EAA}.Release|x64.ActiveCfg = Release|Any CPU
		{AAF1A1B7-CF33-4098-BFFD-7306D77F2EAA}.Release|x64.Build.0 = Release|Any CPU
		{AAF1A1B7-CF33-4098-BFFD-7306D77F2EAA}.Release|x86.ActiveCfg = Release|Any CPU
		{AAF1A1B7-CF33-4098-BFFD-7306D77F2EAA}.Release|x86.Build.0 = Release|Any CPU
	EndGlobalSection
EndGlobal
